
Microsoft Visual Studio Solution File, Format Version 12.00
# Visual Studio 15
Project("{FAE04EC0-301F-11D3-BF4B-00C04F79EFBC}") = "web-flashcards-dotnet-mvc", "web-flashcards-dotnet-mvc\web-flashcards-dotnet-mvc.csproj", "{FF19BBC3-5B50-4FCB-B5F7-F2190EBE59D5}"
EndProject
Global
	GlobalSection(SolutionConfigurationPlatforms) = preSolution
		Debug|Any CPU = Debug|Any CPU
		Release|Any CPU = Release|Any CPU
	EndGlobalSection
	GlobalSection(ProjectConfigurationPlatforms) = postSolution
		{FF19BBC3-5B50-4FCB-B5F7-F2190EBE59D5}.Debug|Any CPU.ActiveCfg = Debug|Any CPU
		{FF19BBC3-5B50-4FCB-B5F7-F2190EBE59D5}.Debug|Any CPU.Build.0 = Debug|Any CPU
		{FF19BBC3-5B50-4FCB-B5F7-F2190EBE59D5}.Release|Any CPU.ActiveCfg = Release|Any CPU
		{FF19BBC3-5B50-4FCB-B5F7-F2190EBE59D5}.Release|Any CPU.Build.0 = Release|Any CPU
	EndGlobalSection
EndGlobal
